
Microsoft Visual Studio Solution File, Format Version 12.00
# Visual Studio Version 16
VisualStudioVersion = 16.0.30621.155
MinimumVisualStudioVersion = 10.0.40219.1
Project("{9A19103F-16F7-4668-BE54-9A1E7A4F7556}") = "BankApplication", "BankApplication\BankApplication.csproj", "{775D7717-C574-4CEE-B65D-275E271DA1C1}"
EndProject
Global
	GlobalSection(SolutionConfigurationPlatforms) = preSolution
		Debug|Any CPU = Debug|Any CPU
		Release|Any CPU = Release|Any CPU
	EndGlobalSection
	GlobalSection(ProjectConfigurationPlatforms) = postSolution
		{775D7717-C574-4CEE-B65D-275E271DA1C1}.Debug|Any CPU.ActiveCfg = Debug|Any CPU
		{775D7717-C574-4CEE-B65D-275E271DA1C1}.Debug|Any CPU.Build.0 = Debug|Any CPU
		{775D7717-C574-4CEE-B65D-275E271DA1C1}.Release|Any CPU.ActiveCfg = Release|Any CPU
		{775D7717-C574-4CEE-B65D-275E271DA1C1}.Release|Any CPU.Build.0 = Release|Any CPU
	EndGlobalSection
	GlobalSection(SolutionProperties) = preSolution
		HideSolutionNode = FALSE
	EndGlobalSection
	GlobalSection(ExtensibilityGlobals) = postSolution
		SolutionGuid = {B897C2CB-2875-46A9-AB99-119492E27541}
	EndGlobalSection
EndGlobal
